
Microsoft Visual Studio Solution File, Format Version 12.00
# Visual Studio Version 17
VisualStudioVersion = 17.5.002.0
MinimumVisualStudioVersion = 10.0.40219.1
Project("{2150E333-8FDC-42A3-9474-1A3956D46DE8}") = "test", "test", "{0C5E94BC-339B-40B1-9AF0-8E1966AA7DA7}"
EndProject
Project("{9A19103F-16F7-4668-BE54-9A1E7A4F7556}") = "Webion.IIS.Cli.Test", "test\Webion.IIS.Cli.Test\Webion.IIS.Cli.Test.csproj", "{4D272134-E5DC-48B3-9EA7-F6D7A4BF9D16}"
EndProject
Project("{2150E333-8FDC-42A3-9474-1A3956D46DE8}") = "src", "src", "{40D12114-0895-4014-ACED-4529A4588EE7}"
EndProject
Project("{9A19103F-16F7-4668-BE54-9A1E7A4F7556}") = "Webion.IIS.Daemon", "src\Webion.IIS.Daemon\Webion.IIS.Daemon.csproj", "{FA225AE7-B9E6-4539-B556-DFC5D1DB0EF0}"
EndProject
Project("{9A19103F-16F7-4668-BE54-9A1E7A4F7556}") = "Webion.IIS.Daemon.Client", "src\Webion.IIS.Daemon.Client\Webion.IIS.Daemon.Client.csproj", "{05C90712-C5EC-4A6A-9D29-D4C2926D44B1}"
EndProject
Project("{9A19103F-16F7-4668-BE54-9A1E7A4F7556}") = "Webion.IIS.Daemon.Contracts", "src\Webion.IIS.Daemon.Contracts\Webion.IIS.Daemon.Contracts.csproj", "{A592FFE3-33CC-4934-958A-E7610E103E9F}"
EndProject
Project("{9A19103F-16F7-4668-BE54-9A1E7A4F7556}") = "Webion.IIS.UI", "src\Webion.IIS.UI\Webion.IIS.UI.csproj", "{7817016B-F19A-4F3B-BD28-1D6EFF3F7E94}"
EndProject
Project("{9A19103F-16F7-4668-BE54-9A1E7A4F7556}") = "Webion.IIS.Cli", "src\Webion.IIS.Cli\Webion.IIS.Cli.csproj", "{E6940987-5D28-44F2-8D2A-F55356C3BED9}"
EndProject
Project("{9A19103F-16F7-4668-BE54-9A1E7A4F7556}") = "Webion.IIS.Core", "src\Webion.IIS.Core\Webion.IIS.Core.csproj", "{8C929523-E074-4D8D-97A6-C93424E82BCE}"
EndProject
Project("{2150E333-8FDC-42A3-9474-1A3956D46DE8}") = "daemon", "daemon", "{95C40392-8F80-4AD8-8EAD-48BD5D3248FD}"
EndProject
Global
	GlobalSection(SolutionConfigurationPlatforms) = preSolution
		Debug|Any CPU = Debug|Any CPU
		Release|Any CPU = Release|Any CPU
	EndGlobalSection
	GlobalSection(ProjectConfigurationPlatforms) = postSolution
		{4D272134-E5DC-48B3-9EA7-F6D7A4BF9D16}.Debug|Any CPU.ActiveCfg = Debug|Any CPU
		{4D272134-E5DC-48B3-9EA7-F6D7A4BF9D16}.Debug|Any CPU.Build.0 = Debug|Any CPU
		{4D272134-E5DC-48B3-9EA7-F6D7A4BF9D16}.Release|Any CPU.ActiveCfg = Release|Any CPU
		{4D272134-E5DC-48B3-9EA7-F6D7A4BF9D16}.Release|Any CPU.Build.0 = Release|Any CPU
		{FA225AE7-B9E6-4539-B556-DFC5D1DB0EF0}.Debug|Any CPU.ActiveCfg = Debug|Any CPU
		{FA225AE7-B9E6-4539-B556-DFC5D1DB0EF0}.Debug|Any CPU.Build.0 = Debug|Any CPU
		{FA225AE7-B9E6-4539-B556-DFC5D1DB0EF0}.Release|Any CPU.ActiveCfg = Release|Any CPU
		{FA225AE7-B9E6-4539-B556-DFC5D1DB0EF0}.Release|Any CPU.Build.0 = Release|Any CPU
		{05C90712-C5EC-4A6A-9D29-D4C2926D44B1}.Debug|Any CPU.ActiveCfg = Debug|Any CPU
		{05C90712-C5EC-4A6A-9D29-D4C2926D44B1}.Debug|Any CPU.Build.0 = Debug|Any CPU
		{05C90712-C5EC-4A6A-9D29-D4C2926D44B1}.Release|Any CPU.ActiveCfg = Release|Any CPU
		{05C90712-C5EC-4A6A-9D29-D4C2926D44B1}.Release|Any CPU.Build.0 = Release|Any CPU
		{A592FFE3-33CC-4934-958A-E7610E103E9F}.Debug|Any CPU.ActiveCfg = Debug|Any CPU
		{A592FFE3-33CC-4934-958A-E7610E103E9F}.Debug|Any CPU.Build.0 = Debug|Any CPU
		{A592FFE3-33CC-4934-958A-E7610E103E9F}.Release|Any CPU.ActiveCfg = Release|Any CPU
		{A592FFE3-33CC-4934-958A-E7610E103E9F}.Release|Any CPU.Build.0 = Release|Any CPU
		{7817016B-F19A-4F3B-BD28-1D6EFF3F7E94}.Debug|Any CPU.ActiveCfg = Debug|Any CPU
		{7817016B-F19A-4F3B-BD28-1D6EFF3F7E94}.Debug|Any CPU.Build.0 = Debug|Any CPU
		{7817016B-F19A-4F3B-BD28-1D6EFF3F7E94}.Release|Any CPU.ActiveCfg = Release|Any CPU
		{7817016B-F19A-4F3B-BD28-1D6EFF3F7E94}.Release|Any CPU.Build.0 = Release|Any CPU
		{E6940987-5D28-44F2-8D2A-F55356C3BED9}.Debug|Any CPU.ActiveCfg = Debug|Any CPU
		{E6940987-5D28-44F2-8D2A-F55356C3BED9}.Debug|Any CPU.Build.0 = Debug|Any CPU
		{E6940987-5D28-44F2-8D2A-F55356C3BED9}.Release|Any CPU.ActiveCfg = Release|Any CPU
		{E6940987-5D28-44F2-8D2A-F55356C3BED9}.Release|Any CPU.Build.0 = Release|Any CPU
		{8C929523-E074-4D8D-97A6-C93424E82BCE}.Debug|Any CPU.ActiveCfg = Debug|Any CPU
		{8C929523-E074-4D8D-97A6-C93424E82BCE}.Debug|Any CPU.Build.0 = Debug|Any CPU
		{8C929523-E074-4D8D-97A6-C93424E82BCE}.Release|Any CPU.ActiveCfg = Release|Any CPU
		{8C929523-E074-4D8D-97A6-C93424E82BCE}.Release|Any CPU.Build.0 = Release|Any CPU
	EndGlobalSection
	GlobalSection(SolutionProperties) = preSolution
		HideSolutionNode = FALSE
	EndGlobalSection
	GlobalSection(NestedProjects) = preSolution
		{4D272134-E5DC-48B3-9EA7-F6D7A4BF9D16} = {0C5E94BC-339B-40B1-9AF0-8E1966AA7DA7}
		{7817016B-F19A-4F3B-BD28-1D6EFF3F7E94} = {40D12114-0895-4014-ACED-4529A4588EE7}
		{E6940987-5D28-44F2-8D2A-F55356C3BED9} = {40D12114-0895-4014-ACED-4529A4588EE7}
		{8C929523-E074-4D8D-97A6-C93424E82BCE} = {40D12114-0895-4014-ACED-4529A4588EE7}
		{95C40392-8F80-4AD8-8EAD-48BD5D3248FD} = {40D12114-0895-4014-ACED-4529A4588EE7}
		{FA225AE7-B9E6-4539-B556-DFC5D1DB0EF0} = {95C40392-8F80-4AD8-8EAD-48BD5D3248FD}
		{05C90712-C5EC-4A6A-9D29-D4C2926D44B1} = {95C40392-8F80-4AD8-8EAD-48BD5D3248FD}
		{A592FFE3-33CC-4934-958A-E7610E103E9F} = {95C40392-8F80-4AD8-8EAD-48BD5D3248FD}
	EndGlobalSection
	GlobalSection(ExtensibilityGlobals) = postSolution
		SolutionGuid = {93E04843-C0B1-46CC-B521-52B167EE7526}
	EndGlobalSection
EndGlobal
